
Microsoft Visual Studio Solution File, Format Version 12.00
# Visual Studio Version 16
VisualStudioVersion = 25.0.1706.14
MinimumVisualStudioVersion = 10.0.40219.1
Project("{FAE04EC0-301F-11D3-BF4B-00C04F79EFBC}") = "Archery", "Archery.csproj", "{915EDA55-6D9E-48C0-974E-E4DD25554B08}"
EndProject
Global
	GlobalSection(SolutionConfigurationPlatforms) = preSolution
		Debug|Any CPU = Debug|Any CPU
		Release|Any CPU = Release|Any CPU
	EndGlobalSection
	GlobalSection(ProjectConfigurationPlatforms) = postSolution
		{915EDA55-6D9E-48C0-974E-E4DD25554B08}.Debug|Any CPU.ActiveCfg = Debug|Any CPU
		{915EDA55-6D9E-48C0-974E-E4DD25554B08}.Debug|Any CPU.Build.0 = Debug|Any CPU
		{915EDA55-6D9E-48C0-974E-E4DD25554B08}.Release|Any CPU.ActiveCfg = Release|Any CPU
		{915EDA55-6D9E-48C0-974E-E4DD25554B08}.Release|Any CPU.Build.0 = Release|Any CPU
	EndGlobalSection
	GlobalSection(SolutionProperties) = preSolution
		HideSolutionNode = FALSE
	EndGlobalSection
	GlobalSection(ExtensibilityGlobals) = postSolution
		SolutionGuid = {33893692-37A2-4498-BC9D-E21C2115D980}
	EndGlobalSection
EndGlobal
